
Microsoft Visual Studio Solution File, Format Version 12.00
# Visual Studio Version 17
VisualStudioVersion = 17.0.31903.59
MinimumVisualStudioVersion = 10.0.40219.1
Project("{FAE04EC0-301F-11D3-BF4B-00C04F79EFBC}") = "MainApp", "MainApp\MainApp.csproj", "{A15F77C1-6F5B-4C24-B47A-368CE1F65B6C}"
EndProject
Project("{FAE04EC0-301F-11D3-BF4B-00C04F79EFBC}") = "Infrustructure", "Infrustructure\Infrustructure.csproj", "{1E42891F-C954-4B06-B628-E41A6339ECE3}"
EndProject
Project("{FAE04EC0-301F-11D3-BF4B-00C04F79EFBC}") = "Domain", "Domain\Domain.csproj", "{C9F1BF08-F735-4CE8-B967-9D2F44E20FFD}"
EndProject
Project("{FAE04EC0-301F-11D3-BF4B-00C04F79EFBC}") = "Test", "Test\Test.csproj", "{C93AFB57-50BD-45C9-A7CC-C0C792B2D290}"
EndProject
Global
	GlobalSection(SolutionConfigurationPlatforms) = preSolution
		Debug|Any CPU = Debug|Any CPU
		Release|Any CPU = Release|Any CPU
	EndGlobalSection
	GlobalSection(SolutionProperties) = preSolution
		HideSolutionNode = FALSE
	EndGlobalSection
	GlobalSection(ProjectConfigurationPlatforms) = postSolution
		{A15F77C1-6F5B-4C24-B47A-368CE1F65B6C}.Debug|Any CPU.ActiveCfg = Debug|Any CPU
		{A15F77C1-6F5B-4C24-B47A-368CE1F65B6C}.Debug|Any CPU.Build.0 = Debug|Any CPU
		{A15F77C1-6F5B-4C24-B47A-368CE1F65B6C}.Release|Any CPU.ActiveCfg = Release|Any CPU
		{A15F77C1-6F5B-4C24-B47A-368CE1F65B6C}.Release|Any CPU.Build.0 = Release|Any CPU
		{1E42891F-C954-4B06-B628-E41A6339ECE3}.Debug|Any CPU.ActiveCfg = Debug|Any CPU
		{1E42891F-C954-4B06-B628-E41A6339ECE3}.Debug|Any CPU.Build.0 = Debug|Any CPU
		{1E42891F-C954-4B06-B628-E41A6339ECE3}.Release|Any CPU.ActiveCfg = Release|Any CPU
		{1E42891F-C954-4B06-B628-E41A6339ECE3}.Release|Any CPU.Build.0 = Release|Any CPU
		{C9F1BF08-F735-4CE8-B967-9D2F44E20FFD}.Debug|Any CPU.ActiveCfg = Debug|Any CPU
		{C9F1BF08-F735-4CE8-B967-9D2F44E20FFD}.Debug|Any CPU.Build.0 = Debug|Any CPU
		{C9F1BF08-F735-4CE8-B967-9D2F44E20FFD}.Release|Any CPU.ActiveCfg = Release|Any CPU
		{C9F1BF08-F735-4CE8-B967-9D2F44E20FFD}.Release|Any CPU.Build.0 = Release|Any CPU
		{C93AFB57-50BD-45C9-A7CC-C0C792B2D290}.Debug|Any CPU.ActiveCfg = Debug|Any CPU
		{C93AFB57-50BD-45C9-A7CC-C0C792B2D290}.Debug|Any CPU.Build.0 = Debug|Any CPU
		{C93AFB57-50BD-45C9-A7CC-C0C792B2D290}.Release|Any CPU.ActiveCfg = Release|Any CPU
		{C93AFB57-50BD-45C9-A7CC-C0C792B2D290}.Release|Any CPU.Build.0 = Release|Any CPU
	EndGlobalSection
EndGlobal
